
Microsoft Visual Studio Solution File, Format Version 12.00
# Visual Studio Version 17
VisualStudioVersion = 17.9.34622.214
MinimumVisualStudioVersion = 10.0.40219.1
Project("{9A19103F-16F7-4668-BE54-9A1E7A4F7556}") = "SchoolSystemAPI", "SchoolSystemAPI.csproj", "{2663F6B8-FEF5-419B-AD5F-236235B65469}"
EndProject
Project("{9A19103F-16F7-4668-BE54-9A1E7A4F7556}") = "Model", "..\Model\Model.csproj", "{E364AC2E-D3DB-4C1C-870F-36502BDCC706}"
EndProject
Project("{9A19103F-16F7-4668-BE54-9A1E7A4F7556}") = "DataAccess", "..\DataAccess\DataAccess.csproj", "{C83BD4BC-7379-4FD0-BE18-567F1CB8076F}"
EndProject
Project("{FAE04EC0-301F-11D3-BF4B-00C04F79EFBC}") = "Contracts", "..\Contracts\Contracts.csproj", "{7AD502C9-26A9-4D11-891C-325267F06F88}"
EndProject
Global
	GlobalSection(SolutionConfigurationPlatforms) = preSolution
		Debug|Any CPU = Debug|Any CPU
		Release|Any CPU = Release|Any CPU
	EndGlobalSection
	GlobalSection(ProjectConfigurationPlatforms) = postSolution
		{2663F6B8-FEF5-419B-AD5F-236235B65469}.Debug|Any CPU.ActiveCfg = Debug|Any CPU
		{2663F6B8-FEF5-419B-AD5F-236235B65469}.Debug|Any CPU.Build.0 = Debug|Any CPU
		{2663F6B8-FEF5-419B-AD5F-236235B65469}.Release|Any CPU.ActiveCfg = Release|Any CPU
		{2663F6B8-FEF5-419B-AD5F-236235B65469}.Release|Any CPU.Build.0 = Release|Any CPU
		{E364AC2E-D3DB-4C1C-870F-36502BDCC706}.Debug|Any CPU.ActiveCfg = Debug|Any CPU
		{E364AC2E-D3DB-4C1C-870F-36502BDCC706}.Debug|Any CPU.Build.0 = Debug|Any CPU
		{E364AC2E-D3DB-4C1C-870F-36502BDCC706}.Release|Any CPU.ActiveCfg = Release|Any CPU
		{E364AC2E-D3DB-4C1C-870F-36502BDCC706}.Release|Any CPU.Build.0 = Release|Any CPU
		{C83BD4BC-7379-4FD0-BE18-567F1CB8076F}.Debug|Any CPU.ActiveCfg = Debug|Any CPU
		{C83BD4BC-7379-4FD0-BE18-567F1CB8076F}.Debug|Any CPU.Build.0 = Debug|Any CPU
		{C83BD4BC-7379-4FD0-BE18-567F1CB8076F}.Release|Any CPU.ActiveCfg = Release|Any CPU
		{C83BD4BC-7379-4FD0-BE18-567F1CB8076F}.Release|Any CPU.Build.0 = Release|Any CPU
		{7AD502C9-26A9-4D11-891C-325267F06F88}.Debug|Any CPU.ActiveCfg = Debug|Any CPU
		{7AD502C9-26A9-4D11-891C-325267F06F88}.Debug|Any CPU.Build.0 = Debug|Any CPU
		{7AD502C9-26A9-4D11-891C-325267F06F88}.Release|Any CPU.ActiveCfg = Release|Any CPU
		{7AD502C9-26A9-4D11-891C-325267F06F88}.Release|Any CPU.Build.0 = Release|Any CPU
	EndGlobalSection
	GlobalSection(SolutionProperties) = preSolution
		HideSolutionNode = FALSE
	EndGlobalSection
	GlobalSection(ExtensibilityGlobals) = postSolution
		SolutionGuid = {0958A073-727D-40F5-8131-D7FF1634C75F}
	EndGlobalSection
EndGlobal
